{
  "version": 1,
  "dependencies": {
    "net8.0-windows7.0": {
      "AutoMapper": {
        "type": "Direct",
        "requested": "[13.0.1, )",
        "resolved": "13.0.1",
        "contentHash": "/Fx1SbJ16qS7dU4i604Sle+U9VLX+WSNVJggk6MupKVkYvvBm4XqYaeFuf67diHefHKHs50uQIS2YEDFhPCakQ==",
        "dependencies": {
          "Microsoft.Extensions.Options": "6.0.0"
        }
      },
      "Dalamud.DrunkenToad": {
        "type": "Direct",
        "requested": "[1.8.15, )",
        "resolved": "1.8.15",
        "contentHash": "biuHkQR0qmIMWEsa14CcWtUH4f6G7sOTQMDZZKws2MhzTYl/3sw2lDS3z6bBOPd17I1UPtmkFBBn0QbQEpO4PA==",
        "dependencies": {
          "Dalamud.Loc": "1.1.2",
          "Microsoft.Extensions.DependencyInjection": "7.0.0"
        }
      },
      "DalamudPackager": {
        "type": "Direct",
        "requested": "[2.1.12, )",
        "resolved": "2.1.12",
        "contentHash": "Sc0PVxvgg4NQjcI8n10/VfUQBAS4O+Fw2pZrAqBdRMbthYGeogzu5+xmIGCGmsEZ/ukMOBuAqiNiB5qA3MRalg=="
      },
      "Dapper": {
        "type": "Direct",
        "requested": "[2.1.35, )",
        "resolved": "2.1.35",
        "contentHash": "YKRwjVfrG7GYOovlGyQoMvr1/IJdn+7QzNXJxyMh0YfFF5yvDmTYaJOVYWsckreNjGsGSEtrMTpnzxTUq/tZQw=="
      },
      "System.Data.SQLite.Core": {
        "type": "Direct",
        "requested": "[1.0.117, )",
        "resolved": "1.0.117",
        "contentHash": "lGfOhA3QQod9XhdWYqLgNgbgq5uZnVG6DtnhDAdPisbLpTTgZBNbeGnp+GWt8C+3EyaqBYTGJWXcxHlHKwo05A==",
        "dependencies": {
          "Stub.System.Data.SQLite.Core.NetStandard": "[1.0.117]"
        }
      },
      "Dalamud.Loc": {
        "type": "Transitive",
        "resolved": "1.1.2",
        "contentHash": "Sy7ooP1+mGtoCCPltgUNATz3UbnRFihVcDfg9wB2rdsfY5FDfCW/k3jpLZiJZc3xXHyttzwttJeVC3tE3JsEGw=="
      },
      "Microsoft.Extensions.DependencyInjection": {
        "type": "Transitive",
        "resolved": "7.0.0",
        "contentHash": "elNeOmkeX3eDVG6pYVeV82p29hr+UKDaBhrZyWvWLw/EVZSYEkZlQdkp0V39k/Xehs2Qa0mvoCvkVj3eQxNQ1Q==",
        "dependencies": {
          "Microsoft.Extensions.DependencyInjection.Abstractions": "7.0.0"
        }
      },
      "Microsoft.Extensions.DependencyInjection.Abstractions": {
        "type": "Transitive",
        "resolved": "7.0.0",
        "contentHash": "h3j/QfmFN4S0w4C2A6X7arXij/M/OVw3uQHSOFxnND4DyAzO1F9eMX7Eti7lU/OkSthEE0WzRsfT/Dmx86jzCw=="
      },
      "Microsoft.Extensions.Options": {
        "type": "Transitive",
        "resolved": "6.0.0",
        "contentHash": "dzXN0+V1AyjOe2xcJ86Qbo233KHuLEY0njf/P2Kw8SfJU+d45HNS2ctJdnEnrWbM9Ye2eFgaC5Mj9otRMU6IsQ==",
        "dependencies": {
          "Microsoft.Extensions.DependencyInjection.Abstractions": "6.0.0",
          "Microsoft.Extensions.Primitives": "6.0.0"
        }
      },
      "Microsoft.Extensions.Primitives": {
        "type": "Transitive",
        "resolved": "6.0.0",
        "contentHash": "9+PnzmQFfEFNR9J2aDTfJGGupShHjOuGw4VUv+JB044biSHrnmCIMD+mJHmb2H7YryrfBEXDurxQ47gJZdCKNQ==",
        "dependencies": {
          "System.Runtime.CompilerServices.Unsafe": "6.0.0"
        }
      },
      "Stub.System.Data.SQLite.Core.NetStandard": {
        "type": "Transitive",
        "resolved": "1.0.117",
        "contentHash": "x1zzPC/A4MmiKGDLoxLE6O5KLu7Kz7dyzhPQzlqYFTFcXmXAtM7hNNWpGw5yLEz833AnGbd/kxoitXArgR4YyA=="
      },
      "System.Runtime.CompilerServices.Unsafe": {
        "type": "Transitive",
        "resolved": "6.0.0",
        "contentHash": "/iUeP3tq1S0XdNNoMz5C9twLSrM/TH+qElHkXWaPvuNOt+99G75NrV0OS2EqHx5wMN7popYjpc8oTjC1y16DLg=="
      }
    }
  }
}